
Microsoft Visual Studio Solution File, Format Version 12.00
# Visual Studio 14
VisualStudioVersion = 14.0.25420.1
MinimumVisualStudioVersion = 10.0.40219.1
Project("{8BC9CEB8-8B4A-11D0-8D11-00A0C91BC942}") = "testfunction", "testfunction\testfunction.vcxproj", "{46C198F0-875F-404F-9BEF-99302946EA4A}"
EndProject
Project("{8BC9CEB8-8B4A-11D0-8D11-00A0C91BC942}") = "testmatrixadd", "testmatrixadd\testmatrixadd.vcxproj", "{149C0ED9-A3A7-4862-A9AD-80808865A654}"
EndProject
Project("{8BC9CEB8-8B4A-11D0-8D11-00A0C91BC942}") = "matrix_const_m", "matrix_const_m\matrix_const_m.vcxproj", "{0BBAEEBC-9270-4284-8CC0-BA9BBA6956C0}"
EndProject
Global
	GlobalSection(SolutionConfigurationPlatforms) = preSolution
		Debug|x64 = Debug|x64
		Debug|x86 = Debug|x86
		Release|x64 = Release|x64
		Release|x86 = Release|x86
	EndGlobalSection
	GlobalSection(ProjectConfigurationPlatforms) = postSolution
		{46C198F0-875F-404F-9BEF-99302946EA4A}.Debug|x64.ActiveCfg = Debug|x64
		{46C198F0-875F-404F-9BEF-99302946EA4A}.Debug|x64.Build.0 = Debug|x64
		{46C198F0-875F-404F-9BEF-99302946EA4A}.Debug|x86.ActiveCfg = Debug|Win32
		{46C198F0-875F-404F-9BEF-99302946EA4A}.Debug|x86.Build.0 = Debug|Win32
		{46C198F0-875F-404F-9BEF-99302946EA4A}.Release|x64.ActiveCfg = Release|x64
		{46C198F0-875F-404F-9BEF-99302946EA4A}.Release|x64.Build.0 = Release|x64
		{46C198F0-875F-404F-9BEF-99302946EA4A}.Release|x86.ActiveCfg = Release|Win32
		{46C198F0-875F-404F-9BEF-99302946EA4A}.Release|x86.Build.0 = Release|Win32
		{149C0ED9-A3A7-4862-A9AD-80808865A654}.Debug|x64.ActiveCfg = Debug|x64
		{149C0ED9-A3A7-4862-A9AD-80808865A654}.Debug|x64.Build.0 = Debug|x64
		{149C0ED9-A3A7-4862-A9AD-80808865A654}.Debug|x86.ActiveCfg = Debug|Win32
		{149C0ED9-A3A7-4862-A9AD-80808865A654}.Debug|x86.Build.0 = Debug|Win32
		{149C0ED9-A3A7-4862-A9AD-80808865A654}.Release|x64.ActiveCfg = Release|x64
		{149C0ED9-A3A7-4862-A9AD-80808865A654}.Release|x64.Build.0 = Release|x64
		{149C0ED9-A3A7-4862-A9AD-80808865A654}.Release|x86.ActiveCfg = Release|Win32
		{149C0ED9-A3A7-4862-A9AD-80808865A654}.Release|x86.Build.0 = Release|Win32
		{0BBAEEBC-9270-4284-8CC0-BA9BBA6956C0}.Debug|x64.ActiveCfg = Debug|x64
		{0BBAEEBC-9270-4284-8CC0-BA9BBA6956C0}.Debug|x64.Build.0 = Debug|x64
		{0BBAEEBC-9270-4284-8CC0-BA9BBA6956C0}.Debug|x86.ActiveCfg = Debug|Win32
		{0BBAEEBC-9270-4284-8CC0-BA9BBA6956C0}.Debug|x86.Build.0 = Debug|Win32
		{0BBAEEBC-9270-4284-8CC0-BA9BBA6956C0}.Release|x64.ActiveCfg = Release|x64
		{0BBAEEBC-9270-4284-8CC0-BA9BBA6956C0}.Release|x64.Build.0 = Release|x64
		{0BBAEEBC-9270-4284-8CC0-BA9BBA6956C0}.Release|x86.ActiveCfg = Release|Win32
		{0BBAEEBC-9270-4284-8CC0-BA9BBA6956C0}.Release|x86.Build.0 = Release|Win32
	EndGlobalSection
	GlobalSection(SolutionProperties) = preSolution
		HideSolutionNode = FALSE
	EndGlobalSection
EndGlobal
