
Microsoft Visual Studio Solution File, Format Version 12.00
# Visual Studio 14
VisualStudioVersion = 14.0.25420.1
MinimumVisualStudioVersion = 10.0.40219.1
Project("{8BC9CEB8-8B4A-11D0-8D11-00A0C91BC942}") = "浦发", "浦发\浦发.vcxproj", "{AEFF164F-A6F4-42C7-94FD-016FA54AFF91}"
EndProject
Project("{8BC9CEB8-8B4A-11D0-8D11-00A0C91BC942}") = "被b整除的个数", "被b整除的个数\被b整除的个数.vcxproj", "{95A952B9-920F-4F37-90F0-FCD625977183}"
EndProject
Project("{8BC9CEB8-8B4A-11D0-8D11-00A0C91BC942}") = "上台阶", "上台阶\上台阶.vcxproj", "{4E090ADB-8F12-4125-91ED-B8E0CD45FBF1}"
EndProject
Project("{8BC9CEB8-8B4A-11D0-8D11-00A0C91BC942}") = "判断素数", "判断素数\判断素数.vcxproj", "{7B5FD953-BC81-4927-94A7-8A75B37831E1}"
EndProject
Project("{8BC9CEB8-8B4A-11D0-8D11-00A0C91BC942}") = "闰年", "闰年\闰年.vcxproj", "{FE37E493-00B3-48E0-96C0-C1F4063E4D47}"
EndProject
Project("{8BC9CEB8-8B4A-11D0-8D11-00A0C91BC942}") = "替换字母i", "替换字母i\替换字母i.vcxproj", "{24EE7D7A-B8F2-4672-B09D-FCA722E735D2}"
EndProject
Project("{8BC9CEB8-8B4A-11D0-8D11-00A0C91BC942}") = "N阶乘", "N阶乘\N阶乘.vcxproj", "{E23EAD11-3381-472C-A865-B63845BB4272}"
EndProject
Project("{8BC9CEB8-8B4A-11D0-8D11-00A0C91BC942}") = "交换数", "交换数\交换数.vcxproj", "{DF447D96-6DBC-40F8-AA7E-48B9B5644178}"
EndProject
Project("{8BC9CEB8-8B4A-11D0-8D11-00A0C91BC942}") = "aAtoC", "aAtoC\aAtoC.vcxproj", "{E046E01A-37EE-4D67-9165-D6931C6558AB}"
EndProject
Project("{8BC9CEB8-8B4A-11D0-8D11-00A0C91BC942}") = "年中第几天", "年中第几天\年中第几天.vcxproj", "{119CFE2A-244A-49AA-99C8-1AACBB2CCDBE}"
EndProject
Project("{8BC9CEB8-8B4A-11D0-8D11-00A0C91BC942}") = "两个数相乘", "两个数相乘\两个数相乘.vcxproj", "{2F6DBABF-D7F4-442B-A222-61EF7004F186}"
EndProject
Project("{8BC9CEB8-8B4A-11D0-8D11-00A0C91BC942}") = "判断字符串全是数字", "判断字符串全是数字\判断字符串全是数字.vcxproj", "{7B9296FC-B25D-4E09-A891-AD7277A51757}"
EndProject
Project("{8BC9CEB8-8B4A-11D0-8D11-00A0C91BC942}") = "矩阵转置", "矩阵转置\矩阵转置.vcxproj", "{D5C7DFED-2674-47D2-A788-47E4A1F92867}"
EndProject
Project("{8BC9CEB8-8B4A-11D0-8D11-00A0C91BC942}") = "子串拼接目串", "子串拼接目串\子串拼接目串.vcxproj", "{83007898-30C2-4444-B419-8C52119ABC2A}"
EndProject
Project("{8BC9CEB8-8B4A-11D0-8D11-00A0C91BC942}") = "10进制to2进制", "10进制to2进制\10进制to2进制.vcxproj", "{ECD212C9-8017-448C-B7E9-8BE11836EF03}"
EndProject
Project("{8BC9CEB8-8B4A-11D0-8D11-00A0C91BC942}") = "奇数多还是偶数多", "奇数多还是偶数多\奇数多还是偶数多.vcxproj", "{B93DC8C2-5AC2-4788-B602-D21B4299CF85}"
EndProject
Project("{8BC9CEB8-8B4A-11D0-8D11-00A0C91BC942}") = "第一次出现的字符", "第一次出现的字符\第一次出现的字符.vcxproj", "{F13BEDE0-1D22-4CD3-B158-98AA31E3E2EA}"
EndProject
Project("{8BC9CEB8-8B4A-11D0-8D11-00A0C91BC942}") = "最长回文子串", "最长回文子串\最长回文子串.vcxproj", "{B875C4C6-5811-417C-B947-DE0C1B18E3C1}"
EndProject
Project("{8BC9CEB8-8B4A-11D0-8D11-00A0C91BC942}") = "连续子串", "连续子串\连续子串.vcxproj", "{1283DBF7-F0FA-4B1F-ADE3-B7BF38CC4A55}"
EndProject
Project("{8BC9CEB8-8B4A-11D0-8D11-00A0C91BC942}") = "完数", "完数\完数.vcxproj", "{9CEC0698-8B98-439D-AB3A-FFA4C6373D0B}"
EndProject
Global
	GlobalSection(SolutionConfigurationPlatforms) = preSolution
		Debug|x64 = Debug|x64
		Debug|x86 = Debug|x86
		Release|x64 = Release|x64
		Release|x86 = Release|x86
	EndGlobalSection
	GlobalSection(ProjectConfigurationPlatforms) = postSolution
		{AEFF164F-A6F4-42C7-94FD-016FA54AFF91}.Debug|x64.ActiveCfg = Debug|x64
		{AEFF164F-A6F4-42C7-94FD-016FA54AFF91}.Debug|x64.Build.0 = Debug|x64
		{AEFF164F-A6F4-42C7-94FD-016FA54AFF91}.Debug|x86.ActiveCfg = Debug|Win32
		{AEFF164F-A6F4-42C7-94FD-016FA54AFF91}.Debug|x86.Build.0 = Debug|Win32
		{AEFF164F-A6F4-42C7-94FD-016FA54AFF91}.Release|x64.ActiveCfg = Release|x64
		{AEFF164F-A6F4-42C7-94FD-016FA54AFF91}.Release|x64.Build.0 = Release|x64
		{AEFF164F-A6F4-42C7-94FD-016FA54AFF91}.Release|x86.ActiveCfg = Release|Win32
		{AEFF164F-A6F4-42C7-94FD-016FA54AFF91}.Release|x86.Build.0 = Release|Win32
		{95A952B9-920F-4F37-90F0-FCD625977183}.Debug|x64.ActiveCfg = Debug|x64
		{95A952B9-920F-4F37-90F0-FCD625977183}.Debug|x64.Build.0 = Debug|x64
		{95A952B9-920F-4F37-90F0-FCD625977183}.Debug|x86.ActiveCfg = Debug|Win32
		{95A952B9-920F-4F37-90F0-FCD625977183}.Debug|x86.Build.0 = Debug|Win32
		{95A952B9-920F-4F37-90F0-FCD625977183}.Release|x64.ActiveCfg = Release|x64
		{95A952B9-920F-4F37-90F0-FCD625977183}.Release|x64.Build.0 = Release|x64
		{95A952B9-920F-4F37-90F0-FCD625977183}.Release|x86.ActiveCfg = Release|Win32
		{95A952B9-920F-4F37-90F0-FCD625977183}.Release|x86.Build.0 = Release|Win32
		{4E090ADB-8F12-4125-91ED-B8E0CD45FBF1}.Debug|x64.ActiveCfg = Debug|x64
		{4E090ADB-8F12-4125-91ED-B8E0CD45FBF1}.Debug|x64.Build.0 = Debug|x64
		{4E090ADB-8F12-4125-91ED-B8E0CD45FBF1}.Debug|x86.ActiveCfg = Debug|Win32
		{4E090ADB-8F12-4125-91ED-B8E0CD45FBF1}.Debug|x86.Build.0 = Debug|Win32
		{4E090ADB-8F12-4125-91ED-B8E0CD45FBF1}.Release|x64.ActiveCfg = Release|x64
		{4E090ADB-8F12-4125-91ED-B8E0CD45FBF1}.Release|x64.Build.0 = Release|x64
		{4E090ADB-8F12-4125-91ED-B8E0CD45FBF1}.Release|x86.ActiveCfg = Release|Win32
		{4E090ADB-8F12-4125-91ED-B8E0CD45FBF1}.Release|x86.Build.0 = Release|Win32
		{7B5FD953-BC81-4927-94A7-8A75B37831E1}.Debug|x64.ActiveCfg = Debug|x64
		{7B5FD953-BC81-4927-94A7-8A75B37831E1}.Debug|x64.Build.0 = Debug|x64
		{7B5FD953-BC81-4927-94A7-8A75B37831E1}.Debug|x86.ActiveCfg = Debug|Win32
		{7B5FD953-BC81-4927-94A7-8A75B37831E1}.Debug|x86.Build.0 = Debug|Win32
		{7B5FD953-BC81-4927-94A7-8A75B37831E1}.Release|x64.ActiveCfg = Release|x64
		{7B5FD953-BC81-4927-94A7-8A75B37831E1}.Release|x64.Build.0 = Release|x64
		{7B5FD953-BC81-4927-94A7-8A75B37831E1}.Release|x86.ActiveCfg = Release|Win32
		{7B5FD953-BC81-4927-94A7-8A75B37831E1}.Release|x86.Build.0 = Release|Win32
		{FE37E493-00B3-48E0-96C0-C1F4063E4D47}.Debug|x64.ActiveCfg = Debug|x64
		{FE37E493-00B3-48E0-96C0-C1F4063E4D47}.Debug|x64.Build.0 = Debug|x64
		{FE37E493-00B3-48E0-96C0-C1F4063E4D47}.Debug|x86.ActiveCfg = Debug|Win32
		{FE37E493-00B3-48E0-96C0-C1F4063E4D47}.Debug|x86.Build.0 = Debug|Win32
		{FE37E493-00B3-48E0-96C0-C1F4063E4D47}.Release|x64.ActiveCfg = Release|x64
		{FE37E493-00B3-48E0-96C0-C1F4063E4D47}.Release|x64.Build.0 = Release|x64
		{FE37E493-00B3-48E0-96C0-C1F4063E4D47}.Release|x86.ActiveCfg = Release|Win32
		{FE37E493-00B3-48E0-96C0-C1F4063E4D47}.Release|x86.Build.0 = Release|Win32
		{24EE7D7A-B8F2-4672-B09D-FCA722E735D2}.Debug|x64.ActiveCfg = Debug|x64
		{24EE7D7A-B8F2-4672-B09D-FCA722E735D2}.Debug|x64.Build.0 = Debug|x64
		{24EE7D7A-B8F2-4672-B09D-FCA722E735D2}.Debug|x86.ActiveCfg = Debug|Win32
		{24EE7D7A-B8F2-4672-B09D-FCA722E735D2}.Debug|x86.Build.0 = Debug|Win32
		{24EE7D7A-B8F2-4672-B09D-FCA722E735D2}.Release|x64.ActiveCfg = Release|x64
		{24EE7D7A-B8F2-4672-B09D-FCA722E735D2}.Release|x64.Build.0 = Release|x64
		{24EE7D7A-B8F2-4672-B09D-FCA722E735D2}.Release|x86.ActiveCfg = Release|Win32
		{24EE7D7A-B8F2-4672-B09D-FCA722E735D2}.Release|x86.Build.0 = Release|Win32
		{E23EAD11-3381-472C-A865-B63845BB4272}.Debug|x64.ActiveCfg = Debug|x64
		{E23EAD11-3381-472C-A865-B63845BB4272}.Debug|x64.Build.0 = Debug|x64
		{E23EAD11-3381-472C-A865-B63845BB4272}.Debug|x86.ActiveCfg = Debug|Win32
		{E23EAD11-3381-472C-A865-B63845BB4272}.Debug|x86.Build.0 = Debug|Win32
		{E23EAD11-3381-472C-A865-B63845BB4272}.Release|x64.ActiveCfg = Release|x64
		{E23EAD11-3381-472C-A865-B63845BB4272}.Release|x64.Build.0 = Release|x64
		{E23EAD11-3381-472C-A865-B63845BB4272}.Release|x86.ActiveCfg = Release|Win32
		{E23EAD11-3381-472C-A865-B63845BB4272}.Release|x86.Build.0 = Release|Win32
		{DF447D96-6DBC-40F8-AA7E-48B9B5644178}.Debug|x64.ActiveCfg = Debug|x64
		{DF447D96-6DBC-40F8-AA7E-48B9B5644178}.Debug|x64.Build.0 = Debug|x64
		{DF447D96-6DBC-40F8-AA7E-48B9B5644178}.Debug|x86.ActiveCfg = Debug|Win32
		{DF447D96-6DBC-40F8-AA7E-48B9B5644178}.Debug|x86.Build.0 = Debug|Win32
		{DF447D96-6DBC-40F8-AA7E-48B9B5644178}.Release|x64.ActiveCfg = Release|x64
		{DF447D96-6DBC-40F8-AA7E-48B9B5644178}.Release|x64.Build.0 = Release|x64
		{DF447D96-6DBC-40F8-AA7E-48B9B5644178}.Release|x86.ActiveCfg = Release|Win32
		{DF447D96-6DBC-40F8-AA7E-48B9B5644178}.Release|x86.Build.0 = Release|Win32
		{E046E01A-37EE-4D67-9165-D6931C6558AB}.Debug|x64.ActiveCfg = Debug|x64
		{E046E01A-37EE-4D67-9165-D6931C6558AB}.Debug|x64.Build.0 = Debug|x64
		{E046E01A-37EE-4D67-9165-D6931C6558AB}.Debug|x86.ActiveCfg = Debug|Win32
		{E046E01A-37EE-4D67-9165-D6931C6558AB}.Debug|x86.Build.0 = Debug|Win32
		{E046E01A-37EE-4D67-9165-D6931C6558AB}.Release|x64.ActiveCfg = Release|x64
		{E046E01A-37EE-4D67-9165-D6931C6558AB}.Release|x64.Build.0 = Release|x64
		{E046E01A-37EE-4D67-9165-D6931C6558AB}.Release|x86.ActiveCfg = Release|Win32
		{E046E01A-37EE-4D67-9165-D6931C6558AB}.Release|x86.Build.0 = Release|Win32
		{119CFE2A-244A-49AA-99C8-1AACBB2CCDBE}.Debug|x64.ActiveCfg = Debug|x64
		{119CFE2A-244A-49AA-99C8-1AACBB2CCDBE}.Debug|x64.Build.0 = Debug|x64
		{119CFE2A-244A-49AA-99C8-1AACBB2CCDBE}.Debug|x86.ActiveCfg = Debug|Win32
		{119CFE2A-244A-49AA-99C8-1AACBB2CCDBE}.Debug|x86.Build.0 = Debug|Win32
		{119CFE2A-244A-49AA-99C8-1AACBB2CCDBE}.Release|x64.ActiveCfg = Release|x64
		{119CFE2A-244A-49AA-99C8-1AACBB2CCDBE}.Release|x64.Build.0 = Release|x64
		{119CFE2A-244A-49AA-99C8-1AACBB2CCDBE}.Release|x86.ActiveCfg = Release|Win32
		{119CFE2A-244A-49AA-99C8-1AACBB2CCDBE}.Release|x86.Build.0 = Release|Win32
		{2F6DBABF-D7F4-442B-A222-61EF7004F186}.Debug|x64.ActiveCfg = Debug|x64
		{2F6DBABF-D7F4-442B-A222-61EF7004F186}.Debug|x64.Build.0 = Debug|x64
		{2F6DBABF-D7F4-442B-A222-61EF7004F186}.Debug|x86.ActiveCfg = Debug|Win32
		{2F6DBABF-D7F4-442B-A222-61EF7004F186}.Debug|x86.Build.0 = Debug|Win32
		{2F6DBABF-D7F4-442B-A222-61EF7004F186}.Release|x64.ActiveCfg = Release|x64
		{2F6DBABF-D7F4-442B-A222-61EF7004F186}.Release|x64.Build.0 = Release|x64
		{2F6DBABF-D7F4-442B-A222-61EF7004F186}.Release|x86.ActiveCfg = Release|Win32
		{2F6DBABF-D7F4-442B-A222-61EF7004F186}.Release|x86.Build.0 = Release|Win32
		{7B9296FC-B25D-4E09-A891-AD7277A51757}.Debug|x64.ActiveCfg = Debug|x64
		{7B9296FC-B25D-4E09-A891-AD7277A51757}.Debug|x64.Build.0 = Debug|x64
		{7B9296FC-B25D-4E09-A891-AD7277A51757}.Debug|x86.ActiveCfg = Debug|Win32
		{7B9296FC-B25D-4E09-A891-AD7277A51757}.Debug|x86.Build.0 = Debug|Win32
		{7B9296FC-B25D-4E09-A891-AD7277A51757}.Release|x64.ActiveCfg = Release|x64
		{7B9296FC-B25D-4E09-A891-AD7277A51757}.Release|x64.Build.0 = Release|x64
		{7B9296FC-B25D-4E09-A891-AD7277A51757}.Release|x86.ActiveCfg = Release|Win32
		{7B9296FC-B25D-4E09-A891-AD7277A51757}.Release|x86.Build.0 = Release|Win32
		{D5C7DFED-2674-47D2-A788-47E4A1F92867}.Debug|x64.ActiveCfg = Debug|x64
		{D5C7DFED-2674-47D2-A788-47E4A1F92867}.Debug|x64.Build.0 = Debug|x64
		{D5C7DFED-2674-47D2-A788-47E4A1F92867}.Debug|x86.ActiveCfg = Debug|Win32
		{D5C7DFED-2674-47D2-A788-47E4A1F92867}.Debug|x86.Build.0 = Debug|Win32
		{D5C7DFED-2674-47D2-A788-47E4A1F92867}.Release|x64.ActiveCfg = Release|x64
		{D5C7DFED-2674-47D2-A788-47E4A1F92867}.Release|x64.Build.0 = Release|x64
		{D5C7DFED-2674-47D2-A788-47E4A1F92867}.Release|x86.ActiveCfg = Release|Win32
		{D5C7DFED-2674-47D2-A788-47E4A1F92867}.Release|x86.Build.0 = Release|Win32
		{83007898-30C2-4444-B419-8C52119ABC2A}.Debug|x64.ActiveCfg = Debug|x64
		{83007898-30C2-4444-B419-8C52119ABC2A}.Debug|x64.Build.0 = Debug|x64
		{83007898-30C2-4444-B419-8C52119ABC2A}.Debug|x86.ActiveCfg = Debug|Win32
		{83007898-30C2-4444-B419-8C52119ABC2A}.Debug|x86.Build.0 = Debug|Win32
		{83007898-30C2-4444-B419-8C52119ABC2A}.Release|x64.ActiveCfg = Release|x64
		{83007898-30C2-4444-B419-8C52119ABC2A}.Release|x64.Build.0 = Release|x64
		{83007898-30C2-4444-B419-8C52119ABC2A}.Release|x86.ActiveCfg = Release|Win32
		{83007898-30C2-4444-B419-8C52119ABC2A}.Release|x86.Build.0 = Release|Win32
		{ECD212C9-8017-448C-B7E9-8BE11836EF03}.Debug|x64.ActiveCfg = Debug|x64
		{ECD212C9-8017-448C-B7E9-8BE11836EF03}.Debug|x64.Build.0 = Debug|x64
		{ECD212C9-8017-448C-B7E9-8BE11836EF03}.Debug|x86.ActiveCfg = Debug|Win32
		{ECD212C9-8017-448C-B7E9-8BE11836EF03}.Debug|x86.Build.0 = Debug|Win32
		{ECD212C9-8017-448C-B7E9-8BE11836EF03}.Release|x64.ActiveCfg = Release|x64
		{ECD212C9-8017-448C-B7E9-8BE11836EF03}.Release|x64.Build.0 = Release|x64
		{ECD212C9-8017-448C-B7E9-8BE11836EF03}.Release|x86.ActiveCfg = Release|Win32
		{ECD212C9-8017-448C-B7E9-8BE11836EF03}.Release|x86.Build.0 = Release|Win32
		{B93DC8C2-5AC2-4788-B602-D21B4299CF85}.Debug|x64.ActiveCfg = Debug|x64
		{B93DC8C2-5AC2-4788-B602-D21B4299CF85}.Debug|x64.Build.0 = Debug|x64
		{B93DC8C2-5AC2-4788-B602-D21B4299CF85}.Debug|x86.ActiveCfg = Debug|Win32
		{B93DC8C2-5AC2-4788-B602-D21B4299CF85}.Debug|x86.Build.0 = Debug|Win32
		{B93DC8C2-5AC2-4788-B602-D21B4299CF85}.Release|x64.ActiveCfg = Release|x64
		{B93DC8C2-5AC2-4788-B602-D21B4299CF85}.Release|x64.Build.0 = Release|x64
		{B93DC8C2-5AC2-4788-B602-D21B4299CF85}.Release|x86.ActiveCfg = Release|Win32
		{B93DC8C2-5AC2-4788-B602-D21B4299CF85}.Release|x86.Build.0 = Release|Win32
		{F13BEDE0-1D22-4CD3-B158-98AA31E3E2EA}.Debug|x64.ActiveCfg = Debug|x64
		{F13BEDE0-1D22-4CD3-B158-98AA31E3E2EA}.Debug|x64.Build.0 = Debug|x64
		{F13BEDE0-1D22-4CD3-B158-98AA31E3E2EA}.Debug|x86.ActiveCfg = Debug|Win32
		{F13BEDE0-1D22-4CD3-B158-98AA31E3E2EA}.Debug|x86.Build.0 = Debug|Win32
		{F13BEDE0-1D22-4CD3-B158-98AA31E3E2EA}.Release|x64.ActiveCfg = Release|x64
		{F13BEDE0-1D22-4CD3-B158-98AA31E3E2EA}.Release|x64.Build.0 = Release|x64
		{F13BEDE0-1D22-4CD3-B158-98AA31E3E2EA}.Release|x86.ActiveCfg = Release|Win32
		{F13BEDE0-1D22-4CD3-B158-98AA31E3E2EA}.Release|x86.Build.0 = Release|Win32
		{B875C4C6-5811-417C-B947-DE0C1B18E3C1}.Debug|x64.ActiveCfg = Debug|x64
		{B875C4C6-5811-417C-B947-DE0C1B18E3C1}.Debug|x64.Build.0 = Debug|x64
		{B875C4C6-5811-417C-B947-DE0C1B18E3C1}.Debug|x86.ActiveCfg = Debug|Win32
		{B875C4C6-5811-417C-B947-DE0C1B18E3C1}.Debug|x86.Build.0 = Debug|Win32
		{B875C4C6-5811-417C-B947-DE0C1B18E3C1}.Release|x64.ActiveCfg = Release|x64
		{B875C4C6-5811-417C-B947-DE0C1B18E3C1}.Release|x64.Build.0 = Release|x64
		{B875C4C6-5811-417C-B947-DE0C1B18E3C1}.Release|x86.ActiveCfg = Release|Win32
		{B875C4C6-5811-417C-B947-DE0C1B18E3C1}.Release|x86.Build.0 = Release|Win32
		{1283DBF7-F0FA-4B1F-ADE3-B7BF38CC4A55}.Debug|x64.ActiveCfg = Debug|x64
		{1283DBF7-F0FA-4B1F-ADE3-B7BF38CC4A55}.Debug|x64.Build.0 = Debug|x64
		{1283DBF7-F0FA-4B1F-ADE3-B7BF38CC4A55}.Debug|x86.ActiveCfg = Debug|Win32
		{1283DBF7-F0FA-4B1F-ADE3-B7BF38CC4A55}.Debug|x86.Build.0 = Debug|Win32
		{1283DBF7-F0FA-4B1F-ADE3-B7BF38CC4A55}.Release|x64.ActiveCfg = Release|x64
		{1283DBF7-F0FA-4B1F-ADE3-B7BF38CC4A55}.Release|x64.Build.0 = Release|x64
		{1283DBF7-F0FA-4B1F-ADE3-B7BF38CC4A55}.Release|x86.ActiveCfg = Release|Win32
		{1283DBF7-F0FA-4B1F-ADE3-B7BF38CC4A55}.Release|x86.Build.0 = Release|Win32
		{9CEC0698-8B98-439D-AB3A-FFA4C6373D0B}.Debug|x64.ActiveCfg = Debug|x64
		{9CEC0698-8B98-439D-AB3A-FFA4C6373D0B}.Debug|x64.Build.0 = Debug|x64
		{9CEC0698-8B98-439D-AB3A-FFA4C6373D0B}.Debug|x86.ActiveCfg = Debug|Win32
		{9CEC0698-8B98-439D-AB3A-FFA4C6373D0B}.Debug|x86.Build.0 = Debug|Win32
		{9CEC0698-8B98-439D-AB3A-FFA4C6373D0B}.Release|x64.ActiveCfg = Release|x64
		{9CEC0698-8B98-439D-AB3A-FFA4C6373D0B}.Release|x64.Build.0 = Release|x64
		{9CEC0698-8B98-439D-AB3A-FFA4C6373D0B}.Release|x86.ActiveCfg = Release|Win32
		{9CEC0698-8B98-439D-AB3A-FFA4C6373D0B}.Release|x86.Build.0 = Release|Win32
	EndGlobalSection
	GlobalSection(SolutionProperties) = preSolution
		HideSolutionNode = FALSE
	EndGlobalSection
EndGlobal
